
Microsoft Visual Studio Solution File, Format Version 12.00
# Visual Studio Version 17
VisualStudioVersion = 17.9.34728.123
MinimumVisualStudioVersion = 10.0.40219.1
Project("{9A19103F-16F7-4668-BE54-9A1E7A4F7556}") = "AccuBot", "AccuBot\AccuBot.csproj", "{6710F1D9-3A72-423D-A858-853547A4BBF5}"
EndProject
Project("{9A19103F-16F7-4668-BE54-9A1E7A4F7556}") = "AccuBotCore", "AccuBotCore\AccuBotCore.csproj", "{A0294A72-3AB7-422E-B341-884E9D3693CB}"
EndProject
Global
	GlobalSection(SolutionConfigurationPlatforms) = preSolution
		Debug|Any CPU = Debug|Any CPU
		Release|Any CPU = Release|Any CPU
	EndGlobalSection
	GlobalSection(ProjectConfigurationPlatforms) = postSolution
		{6710F1D9-3A72-423D-A858-853547A4BBF5}.Debug|Any CPU.ActiveCfg = Debug|Any CPU
		{6710F1D9-3A72-423D-A858-853547A4BBF5}.Debug|Any CPU.Build.0 = Debug|Any CPU
		{6710F1D9-3A72-423D-A858-853547A4BBF5}.Release|Any CPU.ActiveCfg = Release|Any CPU
		{6710F1D9-3A72-423D-A858-853547A4BBF5}.Release|Any CPU.Build.0 = Release|Any CPU
		{A0294A72-3AB7-422E-B341-884E9D3693CB}.Debug|Any CPU.ActiveCfg = Debug|Any CPU
		{A0294A72-3AB7-422E-B341-884E9D3693CB}.Debug|Any CPU.Build.0 = Debug|Any CPU
		{A0294A72-3AB7-422E-B341-884E9D3693CB}.Release|Any CPU.ActiveCfg = Release|Any CPU
		{A0294A72-3AB7-422E-B341-884E9D3693CB}.Release|Any CPU.Build.0 = Release|Any CPU
	EndGlobalSection
	GlobalSection(SolutionProperties) = preSolution
		HideSolutionNode = FALSE
	EndGlobalSection
	GlobalSection(ExtensibilityGlobals) = postSolution
		SolutionGuid = {9A9DD530-F8FF-47A8-8086-09D70252D03B}
	EndGlobalSection
EndGlobal
